
Microsoft Visual Studio Solution File, Format Version 12.00
# Visual Studio 15
VisualStudioVersion = 15.0.26228.9
MinimumVisualStudioVersion = 10.0.40219.1
Project("{9A19103F-16F7-4668-BE54-9A1E7A4F7556}") = "AWS_SAM_Demo1", "AWS_SAM_Demo1.csproj", "{D97847C1-1CFB-4792-AB1C-D53EB9101CF6}"
EndProject
Global
	GlobalSection(SolutionConfigurationPlatforms) = preSolution
		Debug|Any CPU = Debug|Any CPU
		Release|Any CPU = Release|Any CPU
	EndGlobalSection
	GlobalSection(ProjectConfigurationPlatforms) = postSolution
		{D97847C1-1CFB-4792-AB1C-D53EB9101CF6}.Debug|Any CPU.ActiveCfg = Debug|Any CPU
		{D97847C1-1CFB-4792-AB1C-D53EB9101CF6}.Debug|Any CPU.Build.0 = Debug|Any CPU
		{D97847C1-1CFB-4792-AB1C-D53EB9101CF6}.Release|Any CPU.ActiveCfg = Release|Any CPU
		{D97847C1-1CFB-4792-AB1C-D53EB9101CF6}.Release|Any CPU.Build.0 = Release|Any CPU
	EndGlobalSection
	GlobalSection(SolutionProperties) = preSolution
		HideSolutionNode = FALSE
	EndGlobalSection
EndGlobal
